
Microsoft Visual Studio Solution File, Format Version 12.00
# Visual Studio 15
VisualStudioVersion = 15.0.28307.168
MinimumVisualStudioVersion = 10.0.40219.1
Project("{FAE04EC0-301F-11D3-BF4B-00C04F79EFBC}") = "Öğrenci Geçti-Kaldı Hesaplama", "Öğrenci Geçti-Kaldı Hesaplama\Öğrenci Geçti-Kaldı Hesaplama.csproj", "{06D8CEE8-CE18-4B16-A069-515350240531}"
EndProject
Global
	GlobalSection(SolutionConfigurationPlatforms) = preSolution
		Debug|Any CPU = Debug|Any CPU
		Release|Any CPU = Release|Any CPU
	EndGlobalSection
	GlobalSection(ProjectConfigurationPlatforms) = postSolution
		{06D8CEE8-CE18-4B16-A069-515350240531}.Debug|Any CPU.ActiveCfg = Debug|Any CPU
		{06D8CEE8-CE18-4B16-A069-515350240531}.Debug|Any CPU.Build.0 = Debug|Any CPU
		{06D8CEE8-CE18-4B16-A069-515350240531}.Release|Any CPU.ActiveCfg = Release|Any CPU
		{06D8CEE8-CE18-4B16-A069-515350240531}.Release|Any CPU.Build.0 = Release|Any CPU
	EndGlobalSection
	GlobalSection(SolutionProperties) = preSolution
		HideSolutionNode = FALSE
	EndGlobalSection
	GlobalSection(ExtensibilityGlobals) = postSolution
		SolutionGuid = {70C22D4F-4739-4707-BA4C-1A0D0236DE7B}
	EndGlobalSection
EndGlobal
